{
  "name": "todo-object",
  "version": "1.0.0",
  "lockfileVersion": 2,
  "requires": true,
  "packages": {
    "": {
      "name": "todo-object",
      "version": "1.0.0",
      "license": "ISC",
      "dependencies": {
        "@learnly/simple-reader": "^1.0.3"
      }
    },
    "node_modules/@learnly/simple-reader": {
      "version": "1.0.3",
      "resolved": "https://registry.npmjs.org/@learnly/simple-reader/-/simple-reader-1.0.3.tgz",
      "integrity": "sha512-XgXSmXs5uEHZwxKYPUPZ/hXvFPbda4fbdpiD3qMYdoVMknrysvUYX8COi4lr0zOnrmtn4rWs5iLxtywQ53OchA==",
      "dependencies": {
        "readline-sync": "^1.4.10"
      }
    },
    "node_modules/readline-sync": {
      "version": "1.4.10",
      "resolved": "https://registry.npmjs.org/readline-sync/-/readline-sync-1.4.10.tgz",
      "integrity": "sha512-gNva8/6UAe8QYepIQH/jQ2qn91Qj0B9sYjMBBs3QOB8F2CXcKgLxQaJRP76sWVRQt+QU+8fAkCbCvjjMFu7Ycw==",
      "engines": {
        "node": ">= 0.8.0"
      }
    }
  },
  "dependencies": {
    "@learnly/simple-reader": {
      "version": "1.0.3",
      "resolved": "https://registry.npmjs.org/@learnly/simple-reader/-/simple-reader-1.0.3.tgz",
      "integrity": "sha512-XgXSmXs5uEHZwxKYPUPZ/hXvFPbda4fbdpiD3qMYdoVMknrysvUYX8COi4lr0zOnrmtn4rWs5iLxtywQ53OchA==",
      "requires": {
        "readline-sync": "^1.4.10"
      }
    },
    "readline-sync": {
      "version": "1.4.10",
      "resolved": "https://registry.npmjs.org/readline-sync/-/readline-sync-1.4.10.tgz",
      "integrity": "sha512-gNva8/6UAe8QYepIQH/jQ2qn91Qj0B9sYjMBBs3QOB8F2CXcKgLxQaJRP76sWVRQt+QU+8fAkCbCvjjMFu7Ycw=="
    }
  }
}
